
Microsoft Visual Studio Solution File, Format Version 12.00
# Visual Studio 2012
Project("{FAE04EC0-301F-11D3-BF4B-00C04F79EFBC}") = "EllipticCurves", "EllipticCurves\EllipticCurves.csproj", "{B9C52234-8ADC-4BB6-9AAD-3A955F151F5D}"
EndProject
Project("{FAE04EC0-301F-11D3-BF4B-00C04F79EFBC}") = "EllipticCurves.Droid", "Droid\EllipticCurves.Droid.csproj", "{00B36986-78D9-422D-9A44-5E82F9ADA99E}"
EndProject
Project("{FAE04EC0-301F-11D3-BF4B-00C04F79EFBC}") = "EllipticCurves.UITests", "UITests\EllipticCurves.UITests.csproj", "{93031A55-F23B-4DB1-8B83-12BD9BC1703F}"
EndProject
Global
	GlobalSection(SolutionConfigurationPlatforms) = preSolution
		Debug|Any CPU = Debug|Any CPU
		Release|Any CPU = Release|Any CPU
	EndGlobalSection
	GlobalSection(ProjectConfigurationPlatforms) = postSolution
		{00B36986-78D9-422D-9A44-5E82F9ADA99E}.Debug|Any CPU.ActiveCfg = Debug|Any CPU
		{00B36986-78D9-422D-9A44-5E82F9ADA99E}.Debug|Any CPU.Build.0 = Debug|Any CPU
		{00B36986-78D9-422D-9A44-5E82F9ADA99E}.Release|Any CPU.ActiveCfg = Release|Any CPU
		{00B36986-78D9-422D-9A44-5E82F9ADA99E}.Release|Any CPU.Build.0 = Release|Any CPU
		{93031A55-F23B-4DB1-8B83-12BD9BC1703F}.Debug|Any CPU.ActiveCfg = Debug|Any CPU
		{93031A55-F23B-4DB1-8B83-12BD9BC1703F}.Debug|Any CPU.Build.0 = Debug|Any CPU
		{93031A55-F23B-4DB1-8B83-12BD9BC1703F}.Release|Any CPU.ActiveCfg = Release|Any CPU
		{93031A55-F23B-4DB1-8B83-12BD9BC1703F}.Release|Any CPU.Build.0 = Release|Any CPU
		{B9C52234-8ADC-4BB6-9AAD-3A955F151F5D}.Debug|Any CPU.ActiveCfg = Debug|Any CPU
		{B9C52234-8ADC-4BB6-9AAD-3A955F151F5D}.Debug|Any CPU.Build.0 = Debug|Any CPU
		{B9C52234-8ADC-4BB6-9AAD-3A955F151F5D}.Release|Any CPU.ActiveCfg = Release|Any CPU
		{B9C52234-8ADC-4BB6-9AAD-3A955F151F5D}.Release|Any CPU.Build.0 = Release|Any CPU
	EndGlobalSection
EndGlobal
